github.com/atendi9/box v0.0.4 h1:PVgVy84/w8xhMFPkt2mNNHmD9kr/xBaNbyfkKrem40Q=
github.com/atendi9/box v0.0.4/go.mod h1:Oo6qL7Nx5Gsc8MM6uKS8D6+9gxt2AZOvqLYiPyWf9f8=
github.com/atendi9/capivara v1.1.1 h1:wUyFW72tvL99mZpWoYD1SIF+kRwj2tm4Dx5wXRYo4ME=
github.com/atendi9/capivara v1.1.1/go.mod h1:O/G5B5bVAEXndeSQYoN+hMYcB+x4JttJ6FFTr5SqYv4=
